
Microsoft Visual Studio Solution File, Format Version 12.00
# Visual Studio Version 16
VisualStudioVersion = 16.0.31229.75
MinimumVisualStudioVersion = 10.0.40219.1
Project("{8BC9CEB8-8B4A-11D0-8D11-00A0C91BC942}") = "Cacl", "Cacl\Cacl.vcxproj", "{37A40E99-658A-437A-A3CC-C79908C82245}"
EndProject
Global
	GlobalSection(SolutionConfigurationPlatforms) = preSolution
		Debug|x64 = Debug|x64
		Debug|x86 = Debug|x86
		Release|x64 = Release|x64
		Release|x86 = Release|x86
	EndGlobalSection
	GlobalSection(ProjectConfigurationPlatforms) = postSolution
		{37A40E99-658A-437A-A3CC-C79908C82245}.Debug|x64.ActiveCfg = Debug|x64
		{37A40E99-658A-437A-A3CC-C79908C82245}.Debug|x64.Build.0 = Debug|x64
		{37A40E99-658A-437A-A3CC-C79908C82245}.Debug|x86.ActiveCfg = Debug|Win32
		{37A40E99-658A-437A-A3CC-C79908C82245}.Debug|x86.Build.0 = Debug|Win32
		{37A40E99-658A-437A-A3CC-C79908C82245}.Release|x64.ActiveCfg = Release|x64
		{37A40E99-658A-437A-A3CC-C79908C82245}.Release|x64.Build.0 = Release|x64
		{37A40E99-658A-437A-A3CC-C79908C82245}.Release|x86.ActiveCfg = Release|Win32
		{37A40E99-658A-437A-A3CC-C79908C82245}.Release|x86.Build.0 = Release|Win32
	EndGlobalSection
	GlobalSection(SolutionProperties) = preSolution
		HideSolutionNode = FALSE
	EndGlobalSection
	GlobalSection(ExtensibilityGlobals) = postSolution
		SolutionGuid = {E5F93A31-8CE9-4149-B51B-873CEA487E88}
	EndGlobalSection
EndGlobal
