
Microsoft Visual Studio Solution File, Format Version 12.00
# Visual Studio Version 16
VisualStudioVersion = 16.0.31321.278
MinimumVisualStudioVersion = 10.0.40219.1
Project("{8BC9CEB8-8B4A-11D0-8D11-00A0C91BC942}") = "test-7-14", "test-7-14\test-7-14.vcxproj", "{764EECC4-29B2-4B89-B798-A53E43451652}"
EndProject
Global
	GlobalSection(SolutionConfigurationPlatforms) = preSolution
		Debug|x64 = Debug|x64
		Debug|x86 = Debug|x86
		Release|x64 = Release|x64
		Release|x86 = Release|x86
	EndGlobalSection
	GlobalSection(ProjectConfigurationPlatforms) = postSolution
		{764EECC4-29B2-4B89-B798-A53E43451652}.Debug|x64.ActiveCfg = Debug|x64
		{764EECC4-29B2-4B89-B798-A53E43451652}.Debug|x64.Build.0 = Debug|x64
		{764EECC4-29B2-4B89-B798-A53E43451652}.Debug|x86.ActiveCfg = Debug|Win32
		{764EECC4-29B2-4B89-B798-A53E43451652}.Debug|x86.Build.0 = Debug|Win32
		{764EECC4-29B2-4B89-B798-A53E43451652}.Release|x64.ActiveCfg = Release|x64
		{764EECC4-29B2-4B89-B798-A53E43451652}.Release|x64.Build.0 = Release|x64
		{764EECC4-29B2-4B89-B798-A53E43451652}.Release|x86.ActiveCfg = Release|Win32
		{764EECC4-29B2-4B89-B798-A53E43451652}.Release|x86.Build.0 = Release|Win32
	EndGlobalSection
	GlobalSection(SolutionProperties) = preSolution
		HideSolutionNode = FALSE
	EndGlobalSection
	GlobalSection(ExtensibilityGlobals) = postSolution
		SolutionGuid = {EB038A39-F1EA-42A2-A2F7-C1A14EAABE98}
	EndGlobalSection
EndGlobal
