
Microsoft Visual Studio Solution File, Format Version 12.00
# Visual Studio Version 16
VisualStudioVersion = 16.0.31321.278
MinimumVisualStudioVersion = 10.0.40219.1
Project("{8BC9CEB8-8B4A-11D0-8D11-00A0C91BC942}") = "test-7-18", "test-7-18\test-7-18.vcxproj", "{41BDE778-DBE3-4B6C-871F-E52E12D2622E}"
EndProject
Global
	GlobalSection(SolutionConfigurationPlatforms) = preSolution
		Debug|x64 = Debug|x64
		Debug|x86 = Debug|x86
		Release|x64 = Release|x64
		Release|x86 = Release|x86
	EndGlobalSection
	GlobalSection(ProjectConfigurationPlatforms) = postSolution
		{41BDE778-DBE3-4B6C-871F-E52E12D2622E}.Debug|x64.ActiveCfg = Debug|x64
		{41BDE778-DBE3-4B6C-871F-E52E12D2622E}.Debug|x64.Build.0 = Debug|x64
		{41BDE778-DBE3-4B6C-871F-E52E12D2622E}.Debug|x86.ActiveCfg = Debug|Win32
		{41BDE778-DBE3-4B6C-871F-E52E12D2622E}.Debug|x86.Build.0 = Debug|Win32
		{41BDE778-DBE3-4B6C-871F-E52E12D2622E}.Release|x64.ActiveCfg = Release|x64
		{41BDE778-DBE3-4B6C-871F-E52E12D2622E}.Release|x64.Build.0 = Release|x64
		{41BDE778-DBE3-4B6C-871F-E52E12D2622E}.Release|x86.ActiveCfg = Release|Win32
		{41BDE778-DBE3-4B6C-871F-E52E12D2622E}.Release|x86.Build.0 = Release|Win32
	EndGlobalSection
	GlobalSection(SolutionProperties) = preSolution
		HideSolutionNode = FALSE
	EndGlobalSection
	GlobalSection(ExtensibilityGlobals) = postSolution
		SolutionGuid = {2C7A2D8D-1287-4076-9619-51159A69F111}
	EndGlobalSection
EndGlobal
