
Microsoft Visual Studio Solution File, Format Version 12.00
# Visual Studio Version 16
VisualStudioVersion = 16.0.31321.278
MinimumVisualStudioVersion = 10.0.40219.1
Project("{8BC9CEB8-8B4A-11D0-8D11-00A0C91BC942}") = "test-7-12", "test-7-12\test-7-12.vcxproj", "{431AB5FE-0476-4DD7-B8DB-E40FBA449430}"
EndProject
Global
	GlobalSection(SolutionConfigurationPlatforms) = preSolution
		Debug|x64 = Debug|x64
		Debug|x86 = Debug|x86
		Release|x64 = Release|x64
		Release|x86 = Release|x86
	EndGlobalSection
	GlobalSection(ProjectConfigurationPlatforms) = postSolution
		{431AB5FE-0476-4DD7-B8DB-E40FBA449430}.Debug|x64.ActiveCfg = Debug|x64
		{431AB5FE-0476-4DD7-B8DB-E40FBA449430}.Debug|x64.Build.0 = Debug|x64
		{431AB5FE-0476-4DD7-B8DB-E40FBA449430}.Debug|x86.ActiveCfg = Debug|Win32
		{431AB5FE-0476-4DD7-B8DB-E40FBA449430}.Debug|x86.Build.0 = Debug|Win32
		{431AB5FE-0476-4DD7-B8DB-E40FBA449430}.Release|x64.ActiveCfg = Release|x64
		{431AB5FE-0476-4DD7-B8DB-E40FBA449430}.Release|x64.Build.0 = Release|x64
		{431AB5FE-0476-4DD7-B8DB-E40FBA449430}.Release|x86.ActiveCfg = Release|Win32
		{431AB5FE-0476-4DD7-B8DB-E40FBA449430}.Release|x86.Build.0 = Release|Win32
	EndGlobalSection
	GlobalSection(SolutionProperties) = preSolution
		HideSolutionNode = FALSE
	EndGlobalSection
	GlobalSection(ExtensibilityGlobals) = postSolution
		SolutionGuid = {4AC4432E-1CD9-484D-A5F2-EB6CF56541A0}
	EndGlobalSection
EndGlobal
